// !$*UTF8*$!
{
	archiveVersion = 1;
	classes = {
	};
	objectVersion = 50;
	objects = {

/* Begin PBXBuildFile section */
		A70DE9FA264191C90041EDFA /* Background.swift in Sources */ = {isa = PBXBuildFile; fileRef = A70DE9F9264191C90041EDFA /* Background.swift */; };
		A70DE9FC2641971E0041EDFA /* MyText.swift in Sources */ = {isa = PBXBuildFile; fileRef = A70DE9FB2641971E0041EDFA /* MyText.swift */; };
		A70DEA152641A4970041EDFA /* Montserrat-Regular.ttf in Resources */ = {isa = PBXBuildFile; fileRef = A70DEA022641A4960041EDFA /* Montserrat-Regular.ttf */; };
		A70DEA162641A4970041EDFA /* OFL.txt in Resources */ = {isa = PBXBuildFile; fileRef = A70DEA032641A4960041EDFA /* OFL.txt */; };
		A70DEA1E2641A4970041EDFA /* Montserrat-Bold.ttf in Resources */ = {isa = PBXBuildFile; fileRef = A70DEA0B2641A4970041EDFA /* Montserrat-Bold.ttf */; };
		A70DEA1F2641A4970041EDFA /* Montserrat-Italic.ttf in Resources */ = {isa = PBXBuildFile; fileRef = A70DEA0C2641A4970041EDFA /* Montserrat-Italic.ttf */; };
		A70DEA242641A4970041EDFA /* Montserrat-Medium.ttf in Resources */ = {isa = PBXBuildFile; fileRef = A70DEA112641A4970041EDFA /* Montserrat-Medium.ttf */; };
		A71084FD2642E3430095EDAE /* Card.swift in Sources */ = {isa = PBXBuildFile; fileRef = A71084FC2642E3430095EDAE /* Card.swift */; };
		A73AFFD42645815700225B24 /* TicketChoiceView.swift in Sources */ = {isa = PBXBuildFile; fileRef = A73AFFD32645815700225B24 /* TicketChoiceView.swift */; };
		A73AFFD62645820200225B24 /* TicketCard.swift in Sources */ = {isa = PBXBuildFile; fileRef = A73AFFD52645820200225B24 /* TicketCard.swift */; };
		A7534D3A2647087F00A93A49 /* StringFactory.swift in Sources */ = {isa = PBXBuildFile; fileRef = A7534D2E2647087F00A93A49 /* StringFactory.swift */; };
		A7534D3B2647087F00A93A49 /* PurchasedTicketFactory.swift in Sources */ = {isa = PBXBuildFile; fileRef = A7534D2F2647087F00A93A49 /* PurchasedTicketFactory.swift */; };
		A7534D3C2647087F00A93A49 /* TicketFactory.swift in Sources */ = {isa = PBXBuildFile; fileRef = A7534D302647087F00A93A49 /* TicketFactory.swift */; };
		A7534D3D2647087F00A93A49 /* EventFactory.swift in Sources */ = {isa = PBXBuildFile; fileRef = A7534D312647087F00A93A49 /* EventFactory.swift */; };
		A7534D3E2647087F00A93A49 /* UserFactory.swift in Sources */ = {isa = PBXBuildFile; fileRef = A7534D322647087F00A93A49 /* UserFactory.swift */; };
		A7534D3F2647087F00A93A49 /* TicketModel.swift in Sources */ = {isa = PBXBuildFile; fileRef = A7534D342647087F00A93A49 /* TicketModel.swift */; };
		A7534D402647087F00A93A49 /* Session.swift in Sources */ = {isa = PBXBuildFile; fileRef = A7534D352647087F00A93A49 /* Session.swift */; };
		A7534D412647087F00A93A49 /* EventModel.swift in Sources */ = {isa = PBXBuildFile; fileRef = A7534D362647087F00A93A49 /* EventModel.swift */; };
		A7534D422647087F00A93A49 /* EventsRepository.swift in Sources */ = {isa = PBXBuildFile; fileRef = A7534D372647087F00A93A49 /* EventsRepository.swift */; };
		A7534D432647087F00A93A49 /* PurchasedTicketModel.swift in Sources */ = {isa = PBXBuildFile; fileRef = A7534D382647087F00A93A49 /* PurchasedTicketModel.swift */; };
		A7534D442647087F00A93A49 /* UserModel.swift in Sources */ = {isa = PBXBuildFile; fileRef = A7534D392647087F00A93A49 /* UserModel.swift */; };
		A7534D462647095200A93A49 /* ProfileView.swift in Sources */ = {isa = PBXBuildFile; fileRef = A7534D452647095200A93A49 /* ProfileView.swift */; };
		A7534D482647267400A93A49 /* UsersRepository.swift in Sources */ = {isa = PBXBuildFile; fileRef = A7534D472647267400A93A49 /* UsersRepository.swift */; };
		A75485C22642B5BD00925319 /* Buttons.swift in Sources */ = {isa = PBXBuildFile; fileRef = A75485C12642B5BD00925319 /* Buttons.swift */; };
		A75485C62642C63E00925319 /* SearchBar.swift in Sources */ = {isa = PBXBuildFile; fileRef = A75485C52642C63E00925319 /* SearchBar.swift */; };
		A75485C92642D30700925319 /* SearchView.swift in Sources */ = {isa = PBXBuildFile; fileRef = A75485C82642D30700925319 /* SearchView.swift */; };
		A7E1F3F7264408DB00212F0F /* EventDetailsView.swift in Sources */ = {isa = PBXBuildFile; fileRef = A7E1F3F6264408DB00212F0F /* EventDetailsView.swift */; };
		A7E1F3F92644099400212F0F /* DateCard.swift in Sources */ = {isa = PBXBuildFile; fileRef = A7E1F3F82644099400212F0F /* DateCard.swift */; };
		A7E8416E2645621A00AAAE58 /* FieldValue.swift in Sources */ = {isa = PBXBuildFile; fileRef = A7E8416D2645621A00AAAE58 /* FieldValue.swift */; };
		A7E841702645630900AAAE58 /* TicketDetailView.swift in Sources */ = {isa = PBXBuildFile; fileRef = A7E8416F2645630900AAAE58 /* TicketDetailView.swift */; };
		DB7CC8402647298B00C01EC0 /* EventListView.swift in Sources */ = {isa = PBXBuildFile; fileRef = DB7CC83F2647298B00C01EC0 /* EventListView.swift */; };
		DB7CC8452647385D00C01EC0 /* EventPreview.swift in Sources */ = {isa = PBXBuildFile; fileRef = DB7CC8442647385D00C01EC0 /* EventPreview.swift */; };
		DB7CC84A264744DF00C01EC0 /* EventPreviewWithTicket.swift in Sources */ = {isa = PBXBuildFile; fileRef = DB7CC849264744DF00C01EC0 /* EventPreviewWithTicket.swift */; };
		DB7CC8522647537E00C01EC0 /* MyEventsView.swift in Sources */ = {isa = PBXBuildFile; fileRef = DB7CC8512647537E00C01EC0 /* MyEventsView.swift */; };
		ED26A78F2636DFB600DBA729 /* party_appApp.swift in Sources */ = {isa = PBXBuildFile; fileRef = ED26A78E2636DFB600DBA729 /* party_appApp.swift */; };
		ED26A7912636DFB600DBA729 /* ContentView.swift in Sources */ = {isa = PBXBuildFile; fileRef = ED26A7902636DFB600DBA729 /* ContentView.swift */; };
		ED26A7932636DFB800DBA729 /* Assets.xcassets in Resources */ = {isa = PBXBuildFile; fileRef = ED26A7922636DFB800DBA729 /* Assets.xcassets */; };
		ED26A7962636DFB800DBA729 /* Preview Assets.xcassets in Resources */ = {isa = PBXBuildFile; fileRef = ED26A7952636DFB800DBA729 /* Preview Assets.xcassets */; };
		ED26A7A12636DFB800DBA729 /* party_appTests.swift in Sources */ = {isa = PBXBuildFile; fileRef = ED26A7A02636DFB800DBA729 /* party_appTests.swift */; };
		ED26A7AC2636DFB800DBA729 /* party_appUITests.swift in Sources */ = {isa = PBXBuildFile; fileRef = ED26A7AB2636DFB800DBA729 /* party_appUITests.swift */; };
/* End PBXBuildFile section */

/* Begin PBXContainerItemProxy section */
		ED26A79D2636DFB800DBA729 /* PBXContainerItemProxy */ = {
			isa = PBXContainerItemProxy;
			containerPortal = ED26A7832636DFB600DBA729 /* Project object */;
			proxyType = 1;
			remoteGlobalIDString = ED26A78A2636DFB600DBA729;
			remoteInfo = party_app;
		};
		ED26A7A82636DFB800DBA729 /* PBXContainerItemProxy */ = {
			isa = PBXContainerItemProxy;
			containerPortal = ED26A7832636DFB600DBA729 /* Project object */;
			proxyType = 1;
			remoteGlobalIDString = ED26A78A2636DFB600DBA729;
			remoteInfo = party_app;
		};
/* End PBXContainerItemProxy section */

/* Begin PBXFileReference section */
		A70DE9F9264191C90041EDFA /* Background.swift */ = {isa = PBXFileReference; lastKnownFileType = sourcecode.swift; path = Background.swift; sourceTree = "<group>"; };
		A70DE9FB2641971E0041EDFA /* MyText.swift */ = {isa = PBXFileReference; lastKnownFileType = sourcecode.swift; path = MyText.swift; sourceTree = "<group>"; };
		A70DEA022641A4960041EDFA /* Montserrat-Regular.ttf */ = {isa = PBXFileReference; lastKnownFileType = file; path = "Montserrat-Regular.ttf"; sourceTree = "<group>"; };
		A70DEA032641A4960041EDFA /* OFL.txt */ = {isa = PBXFileReference; fileEncoding = 4; lastKnownFileType = text; path = OFL.txt; sourceTree = "<group>"; };
		A70DEA0B2641A4970041EDFA /* Montserrat-Bold.ttf */ = {isa = PBXFileReference; lastKnownFileType = file; path = "Montserrat-Bold.ttf"; sourceTree = "<group>"; };
		A70DEA0C2641A4970041EDFA /* Montserrat-Italic.ttf */ = {isa = PBXFileReference; lastKnownFileType = file; path = "Montserrat-Italic.ttf"; sourceTree = "<group>"; };
		A70DEA112641A4970041EDFA /* Montserrat-Medium.ttf */ = {isa = PBXFileReference; lastKnownFileType = file; path = "Montserrat-Medium.ttf"; sourceTree = "<group>"; };
		A71084FC2642E3430095EDAE /* Card.swift */ = {isa = PBXFileReference; lastKnownFileType = sourcecode.swift; path = Card.swift; sourceTree = "<group>"; };
		A73AFFD32645815700225B24 /* TicketChoiceView.swift */ = {isa = PBXFileReference; lastKnownFileType = sourcecode.swift; path = TicketChoiceView.swift; sourceTree = "<group>"; };
		A73AFFD52645820200225B24 /* TicketCard.swift */ = {isa = PBXFileReference; lastKnownFileType = sourcecode.swift; path = TicketCard.swift; sourceTree = "<group>"; };
		A7534D2E2647087F00A93A49 /* StringFactory.swift */ = {isa = PBXFileReference; fileEncoding = 4; lastKnownFileType = sourcecode.swift; path = StringFactory.swift; sourceTree = "<group>"; };
		A7534D2F2647087F00A93A49 /* PurchasedTicketFactory.swift */ = {isa = PBXFileReference; fileEncoding = 4; lastKnownFileType = sourcecode.swift; path = PurchasedTicketFactory.swift; sourceTree = "<group>"; };
		A7534D302647087F00A93A49 /* TicketFactory.swift */ = {isa = PBXFileReference; fileEncoding = 4; lastKnownFileType = sourcecode.swift; path = TicketFactory.swift; sourceTree = "<group>"; };
		A7534D312647087F00A93A49 /* EventFactory.swift */ = {isa = PBXFileReference; fileEncoding = 4; lastKnownFileType = sourcecode.swift; path = EventFactory.swift; sourceTree = "<group>"; };
		A7534D322647087F00A93A49 /* UserFactory.swift */ = {isa = PBXFileReference; fileEncoding = 4; lastKnownFileType = sourcecode.swift; path = UserFactory.swift; sourceTree = "<group>"; };
		A7534D342647087F00A93A49 /* TicketModel.swift */ = {isa = PBXFileReference; fileEncoding = 4; lastKnownFileType = sourcecode.swift; path = TicketModel.swift; sourceTree = "<group>"; };
		A7534D352647087F00A93A49 /* Session.swift */ = {isa = PBXFileReference; fileEncoding = 4; lastKnownFileType = sourcecode.swift; path = Session.swift; sourceTree = "<group>"; };
		A7534D362647087F00A93A49 /* EventModel.swift */ = {isa = PBXFileReference; fileEncoding = 4; lastKnownFileType = sourcecode.swift; path = EventModel.swift; sourceTree = "<group>"; };
		A7534D372647087F00A93A49 /* EventsRepository.swift */ = {isa = PBXFileReference; fileEncoding = 4; lastKnownFileType = sourcecode.swift; path = EventsRepository.swift; sourceTree = "<group>"; };
		A7534D382647087F00A93A49 /* PurchasedTicketModel.swift */ = {isa = PBXFileReference; fileEncoding = 4; lastKnownFileType = sourcecode.swift; path = PurchasedTicketModel.swift; sourceTree = "<group>"; };
		A7534D392647087F00A93A49 /* UserModel.swift */ = {isa = PBXFileReference; fileEncoding = 4; lastKnownFileType = sourcecode.swift; path = UserModel.swift; sourceTree = "<group>"; };
		A7534D452647095200A93A49 /* ProfileView.swift */ = {isa = PBXFileReference; lastKnownFileType = sourcecode.swift; path = ProfileView.swift; sourceTree = "<group>"; };
		A7534D472647267400A93A49 /* UsersRepository.swift */ = {isa = PBXFileReference; lastKnownFileType = sourcecode.swift; path = UsersRepository.swift; sourceTree = "<group>"; };
		A75485C12642B5BD00925319 /* Buttons.swift */ = {isa = PBXFileReference; lastKnownFileType = sourcecode.swift; path = Buttons.swift; sourceTree = "<group>"; };
		A75485C52642C63E00925319 /* SearchBar.swift */ = {isa = PBXFileReference; lastKnownFileType = sourcecode.swift; path = SearchBar.swift; sourceTree = "<group>"; };
		A75485C82642D30700925319 /* SearchView.swift */ = {isa = PBXFileReference; lastKnownFileType = sourcecode.swift; path = SearchView.swift; sourceTree = "<group>"; };
		A7E1F3F6264408DB00212F0F /* EventDetailsView.swift */ = {isa = PBXFileReference; lastKnownFileType = sourcecode.swift; path = EventDetailsView.swift; sourceTree = "<group>"; };
		A7E1F3F82644099400212F0F /* DateCard.swift */ = {isa = PBXFileReference; lastKnownFileType = sourcecode.swift; path = DateCard.swift; sourceTree = "<group>"; };
		A7E8416D2645621A00AAAE58 /* FieldValue.swift */ = {isa = PBXFileReference; lastKnownFileType = sourcecode.swift; path = FieldValue.swift; sourceTree = "<group>"; };
		A7E8416F2645630900AAAE58 /* TicketDetailView.swift */ = {isa = PBXFileReference; lastKnownFileType = sourcecode.swift; path = TicketDetailView.swift; sourceTree = "<group>"; };
		DB7CC83F2647298B00C01EC0 /* EventListView.swift */ = {isa = PBXFileReference; lastKnownFileType = sourcecode.swift; path = EventListView.swift; sourceTree = "<group>"; };
		DB7CC8442647385D00C01EC0 /* EventPreview.swift */ = {isa = PBXFileReference; lastKnownFileType = sourcecode.swift; path = EventPreview.swift; sourceTree = "<group>"; };
		DB7CC849264744DF00C01EC0 /* EventPreviewWithTicket.swift */ = {isa = PBXFileReference; lastKnownFileType = sourcecode.swift; path = EventPreviewWithTicket.swift; sourceTree = "<group>"; };
		DB7CC8512647537E00C01EC0 /* MyEventsView.swift */ = {isa = PBXFileReference; lastKnownFileType = sourcecode.swift; path = MyEventsView.swift; sourceTree = "<group>"; };
		ED26A78B2636DFB600DBA729 /* party_app.app */ = {isa = PBXFileReference; explicitFileType = wrapper.application; includeInIndex = 0; path = party_app.app; sourceTree = BUILT_PRODUCTS_DIR; };
		ED26A78E2636DFB600DBA729 /* party_appApp.swift */ = {isa = PBXFileReference; lastKnownFileType = sourcecode.swift; path = party_appApp.swift; sourceTree = "<group>"; };
		ED26A7902636DFB600DBA729 /* ContentView.swift */ = {isa = PBXFileReference; lastKnownFileType = sourcecode.swift; path = ContentView.swift; sourceTree = "<group>"; };
		ED26A7922636DFB800DBA729 /* Assets.xcassets */ = {isa = PBXFileReference; lastKnownFileType = folder.assetcatalog; path = Assets.xcassets; sourceTree = "<group>"; };
		ED26A7952636DFB800DBA729 /* Preview Assets.xcassets */ = {isa = PBXFileReference; lastKnownFileType = folder.assetcatalog; path = "Preview Assets.xcassets"; sourceTree = "<group>"; };
		ED26A7972636DFB800DBA729 /* Info.plist */ = {isa = PBXFileReference; lastKnownFileType = text.plist.xml; path = Info.plist; sourceTree = "<group>"; };
		ED26A79C2636DFB800DBA729 /* party_appTests.xctest */ = {isa = PBXFileReference; explicitFileType = wrapper.cfbundle; includeInIndex = 0; path = party_appTests.xctest; sourceTree = BUILT_PRODUCTS_DIR; };
		ED26A7A02636DFB800DBA729 /* party_appTests.swift */ = {isa = PBXFileReference; lastKnownFileType = sourcecode.swift; path = party_appTests.swift; sourceTree = "<group>"; };
		ED26A7A22636DFB800DBA729 /* Info.plist */ = {isa = PBXFileReference; lastKnownFileType = text.plist.xml; path = Info.plist; sourceTree = "<group>"; };
		ED26A7A72636DFB800DBA729 /* party_appUITests.xctest */ = {isa = PBXFileReference; explicitFileType = wrapper.cfbundle; includeInIndex = 0; path = party_appUITests.xctest; sourceTree = BUILT_PRODUCTS_DIR; };
		ED26A7AB2636DFB800DBA729 /* party_appUITests.swift */ = {isa = PBXFileReference; lastKnownFileType = sourcecode.swift; path = party_appUITests.swift; sourceTree = "<group>"; };
		ED26A7AD2636DFB800DBA729 /* Info.plist */ = {isa = PBXFileReference; lastKnownFileType = text.plist.xml; path = Info.plist; sourceTree = "<group>"; };
/* End PBXFileReference section */

/* Begin PBXFrameworksBuildPhase section */
		ED26A7882636DFB600DBA729 /* Frameworks */ = {
			isa = PBXFrameworksBuildPhase;
			buildActionMask = 2147483647;
			files = (
			);
			runOnlyForDeploymentPostprocessing = 0;
		};
		ED26A7992636DFB800DBA729 /* Frameworks */ = {
			isa = PBXFrameworksBuildPhase;
			buildActionMask = 2147483647;
			files = (
			);
			runOnlyForDeploymentPostprocessing = 0;
		};
		ED26A7A42636DFB800DBA729 /* Frameworks */ = {
			isa = PBXFrameworksBuildPhase;
			buildActionMask = 2147483647;
			files = (
			);
			runOnlyForDeploymentPostprocessing = 0;
		};
/* End PBXFrameworksBuildPhase section */

/* Begin PBXGroup section */
		A70DE9F8264191760041EDFA /* Modifiers */ = {
			isa = PBXGroup;
			children = (
				A70DE9F9264191C90041EDFA /* Background.swift */,
				A70DE9FB2641971E0041EDFA /* MyText.swift */,
			);
			path = Modifiers;
			sourceTree = "<group>";
		};
		A70DE9FD2641A3420041EDFA /* Fonts */ = {
			isa = PBXGroup;
			children = (
				A70DE9FE2641A4490041EDFA /* Montserrat */,
			);
			path = Fonts;
			sourceTree = "<group>";
		};
		A70DE9FE2641A4490041EDFA /* Montserrat */ = {
			isa = PBXGroup;
			children = (
				A70DEA0B2641A4970041EDFA /* Montserrat-Bold.ttf */,
				A70DEA0C2641A4970041EDFA /* Montserrat-Italic.ttf */,
				A70DEA112641A4970041EDFA /* Montserrat-Medium.ttf */,
				A70DEA022641A4960041EDFA /* Montserrat-Regular.ttf */,
				A70DEA032641A4960041EDFA /* OFL.txt */,
			);
			path = Montserrat;
			sourceTree = "<group>";
		};
		A7534D2D2647087F00A93A49 /* Factory */ = {
			isa = PBXGroup;
			children = (
				A7534D2E2647087F00A93A49 /* StringFactory.swift */,
				A7534D2F2647087F00A93A49 /* PurchasedTicketFactory.swift */,
				A7534D302647087F00A93A49 /* TicketFactory.swift */,
				A7534D312647087F00A93A49 /* EventFactory.swift */,
				A7534D322647087F00A93A49 /* UserFactory.swift */,
			);
			name = Factory;
			path = party_app/Factory;
			sourceTree = SOURCE_ROOT;
		};
		A7534D332647087F00A93A49 /* Model */ = {
			isa = PBXGroup;
			children = (
				A7534D342647087F00A93A49 /* TicketModel.swift */,
				A7534D352647087F00A93A49 /* Session.swift */,
				A7534D362647087F00A93A49 /* EventModel.swift */,
				A7534D372647087F00A93A49 /* EventsRepository.swift */,
				A7534D382647087F00A93A49 /* PurchasedTicketModel.swift */,
				A7534D392647087F00A93A49 /* UserModel.swift */,
				A7534D472647267400A93A49 /* UsersRepository.swift */,
			);
			name = Model;
			path = party_app/Model;
			sourceTree = SOURCE_ROOT;
		};
		A75485C02642B58A00925319 /* Components */ = {
			isa = PBXGroup;
			children = (
				DB7CC8442647385D00C01EC0 /* EventPreview.swift */,
				A75485C12642B5BD00925319 /* Buttons.swift */,
				A75485C52642C63E00925319 /* SearchBar.swift */,
				A71084FC2642E3430095EDAE /* Card.swift */,
				A7E1F3F82644099400212F0F /* DateCard.swift */,
				A7E8416D2645621A00AAAE58 /* FieldValue.swift */,
				A73AFFD52645820200225B24 /* TicketCard.swift */,
				DB7CC849264744DF00C01EC0 /* EventPreviewWithTicket.swift */,
			);
			path = Components;
			sourceTree = "<group>";
		};
		A75485C72642D2ED00925319 /* Views */ = {
			isa = PBXGroup;
			children = (
				A75485C82642D30700925319 /* SearchView.swift */,
				A7E1F3F6264408DB00212F0F /* EventDetailsView.swift */,
				A7E8416F2645630900AAAE58 /* TicketDetailView.swift */,
				A73AFFD32645815700225B24 /* TicketChoiceView.swift */,
				A7534D452647095200A93A49 /* ProfileView.swift */,
				DB7CC83F2647298B00C01EC0 /* EventListView.swift */,
				DB7CC8512647537E00C01EC0 /* MyEventsView.swift */,
			);
			path = Views;
			sourceTree = "<group>";
		};
		ED26A7822636DFB600DBA729 = {
			isa = PBXGroup;
			children = (
				ED26A78D2636DFB600DBA729 /* party_app */,
				ED26A79F2636DFB800DBA729 /* party_appTests */,
				ED26A7AA2636DFB800DBA729 /* party_appUITests */,
				ED26A78C2636DFB600DBA729 /* Products */,
			);
			sourceTree = "<group>";
		};
		ED26A78C2636DFB600DBA729 /* Products */ = {
			isa = PBXGroup;
			children = (
				ED26A78B2636DFB600DBA729 /* party_app.app */,
				ED26A79C2636DFB800DBA729 /* party_appTests.xctest */,
				ED26A7A72636DFB800DBA729 /* party_appUITests.xctest */,
			);
			name = Products;
			sourceTree = "<group>";
		};
		ED26A78D2636DFB600DBA729 /* party_app */ = {
			isa = PBXGroup;
			children = (
				A7534D2D2647087F00A93A49 /* Factory */,
				A7534D332647087F00A93A49 /* Model */,
				A75485C72642D2ED00925319 /* Views */,
				A75485C02642B58A00925319 /* Components */,
				A70DE9FD2641A3420041EDFA /* Fonts */,
				A70DE9F8264191760041EDFA /* Modifiers */,
				ED26A78E2636DFB600DBA729 /* party_appApp.swift */,
				ED26A7902636DFB600DBA729 /* ContentView.swift */,
				ED26A7922636DFB800DBA729 /* Assets.xcassets */,
				ED26A7972636DFB800DBA729 /* Info.plist */,
				ED26A7942636DFB800DBA729 /* Preview Content */,
			);
			path = party_app;
			sourceTree = "<group>";
		};
		ED26A7942636DFB800DBA729 /* Preview Content */ = {
			isa = PBXGroup;
			children = (
				ED26A7952636DFB800DBA729 /* Preview Assets.xcassets */,
			);
			path = "Preview Content";
			sourceTree = "<group>";
		};
		ED26A79F2636DFB800DBA729 /* party_appTests */ = {
			isa = PBXGroup;
			children = (
				ED26A7A02636DFB800DBA729 /* party_appTests.swift */,
				ED26A7A22636DFB800DBA729 /* Info.plist */,
			);
			path = party_appTests;
			sourceTree = "<group>";
		};
		ED26A7AA2636DFB800DBA729 /* party_appUITests */ = {
			isa = PBXGroup;
			children = (
				ED26A7AB2636DFB800DBA729 /* party_appUITests.swift */,
				ED26A7AD2636DFB800DBA729 /* Info.plist */,
			);
			path = party_appUITests;
			sourceTree = "<group>";
		};
/* End PBXGroup section */

/* Begin PBXNativeTarget section */
		ED26A78A2636DFB600DBA729 /* party_app */ = {
			isa = PBXNativeTarget;
			buildConfigurationList = ED26A7B02636DFB800DBA729 /* Build configuration list for PBXNativeTarget "party_app" */;
			buildPhases = (
				ED26A7872636DFB600DBA729 /* Sources */,
				ED26A7882636DFB600DBA729 /* Frameworks */,
				ED26A7892636DFB600DBA729 /* Resources */,
			);
			buildRules = (
			);
			dependencies = (
			);
			name = party_app;
			productName = party_app;
			productReference = ED26A78B2636DFB600DBA729 /* party_app.app */;
			productType = "com.apple.product-type.application";
		};
		ED26A79B2636DFB800DBA729 /* party_appTests */ = {
			isa = PBXNativeTarget;
			buildConfigurationList = ED26A7B32636DFB800DBA729 /* Build configuration list for PBXNativeTarget "party_appTests" */;
			buildPhases = (
				ED26A7982636DFB800DBA729 /* Sources */,
				ED26A7992636DFB800DBA729 /* Frameworks */,
				ED26A79A2636DFB800DBA729 /* Resources */,
			);
			buildRules = (
			);
			dependencies = (
				ED26A79E2636DFB800DBA729 /* PBXTargetDependency */,
			);
			name = party_appTests;
			productName = party_appTests;
			productReference = ED26A79C2636DFB800DBA729 /* party_appTests.xctest */;
			productType = "com.apple.product-type.bundle.unit-test";
		};
		ED26A7A62636DFB800DBA729 /* party_appUITests */ = {
			isa = PBXNativeTarget;
			buildConfigurationList = ED26A7B62636DFB800DBA729 /* Build configuration list for PBXNativeTarget "party_appUITests" */;
			buildPhases = (
				ED26A7A32636DFB800DBA729 /* Sources */,
				ED26A7A42636DFB800DBA729 /* Frameworks */,
				ED26A7A52636DFB800DBA729 /* Resources */,
			);
			buildRules = (
			);
			dependencies = (
				ED26A7A92636DFB800DBA729 /* PBXTargetDependency */,
			);
			name = party_appUITests;
			productName = party_appUITests;
			productReference = ED26A7A72636DFB800DBA729 /* party_appUITests.xctest */;
			productType = "com.apple.product-type.bundle.ui-testing";
		};
/* End PBXNativeTarget section */

/* Begin PBXProject section */
		ED26A7832636DFB600DBA729 /* Project object */ = {
			isa = PBXProject;
			attributes = {
				LastSwiftUpdateCheck = 1240;
				LastUpgradeCheck = 1240;
				TargetAttributes = {
					ED26A78A2636DFB600DBA729 = {
						CreatedOnToolsVersion = 12.4;
					};
					ED26A79B2636DFB800DBA729 = {
						CreatedOnToolsVersion = 12.4;
						TestTargetID = ED26A78A2636DFB600DBA729;
					};
					ED26A7A62636DFB800DBA729 = {
						CreatedOnToolsVersion = 12.4;
						TestTargetID = ED26A78A2636DFB600DBA729;
					};
				};
			};
			buildConfigurationList = ED26A7862636DFB600DBA729 /* Build configuration list for PBXProject "party_app" */;
			compatibilityVersion = "Xcode 9.3";
			developmentRegion = en;
			hasScannedForEncodings = 0;
			knownRegions = (
				en,
				Base,
			);
			mainGroup = ED26A7822636DFB600DBA729;
			productRefGroup = ED26A78C2636DFB600DBA729 /* Products */;
			projectDirPath = "";
			projectRoot = "";
			targets = (
				ED26A78A2636DFB600DBA729 /* party_app */,
				ED26A79B2636DFB800DBA729 /* party_appTests */,
				ED26A7A62636DFB800DBA729 /* party_appUITests */,
			);
		};
/* End PBXProject section */

/* Begin PBXResourcesBuildPhase section */
		ED26A7892636DFB600DBA729 /* Resources */ = {
			isa = PBXResourcesBuildPhase;
			buildActionMask = 2147483647;
			files = (
				A70DEA1F2641A4970041EDFA /* Montserrat-Italic.ttf in Resources */,
				A70DEA162641A4970041EDFA /* OFL.txt in Resources */,
				ED26A7962636DFB800DBA729 /* Preview Assets.xcassets in Resources */,
				A70DEA242641A4970041EDFA /* Montserrat-Medium.ttf in Resources */,
				A70DEA1E2641A4970041EDFA /* Montserrat-Bold.ttf in Resources */,
				A70DEA152641A4970041EDFA /* Montserrat-Regular.ttf in Resources */,
				ED26A7932636DFB800DBA729 /* Assets.xcassets in Resources */,
			);
			runOnlyForDeploymentPostprocessing = 0;
		};
		ED26A79A2636DFB800DBA729 /* Resources */ = {
			isa = PBXResourcesBuildPhase;
			buildActionMask = 2147483647;
			files = (
			);
			runOnlyForDeploymentPostprocessing = 0;
		};
		ED26A7A52636DFB800DBA729 /* Resources */ = {
			isa = PBXResourcesBuildPhase;
			buildActionMask = 2147483647;
			files = (
			);
			runOnlyForDeploymentPostprocessing = 0;
		};
/* End PBXResourcesBuildPhase section */

/* Begin PBXSourcesBuildPhase section */
		ED26A7872636DFB600DBA729 /* Sources */ = {
			isa = PBXSourcesBuildPhase;
			buildActionMask = 2147483647;
			files = (
				A75485C22642B5BD00925319 /* Buttons.swift in Sources */,
				DB7CC8522647537E00C01EC0 /* MyEventsView.swift in Sources */,
				A7534D432647087F00A93A49 /* PurchasedTicketModel.swift in Sources */,
				A7E1F3F92644099400212F0F /* DateCard.swift in Sources */,
				A7534D3B2647087F00A93A49 /* PurchasedTicketFactory.swift in Sources */,
				ED26A7912636DFB600DBA729 /* ContentView.swift in Sources */,
				A7534D3E2647087F00A93A49 /* UserFactory.swift in Sources */,
				A7534D3F2647087F00A93A49 /* TicketModel.swift in Sources */,
				A7E8416E2645621A00AAAE58 /* FieldValue.swift in Sources */,
				A7534D442647087F00A93A49 /* UserModel.swift in Sources */,
				DB7CC8452647385D00C01EC0 /* EventPreview.swift in Sources */,
				A7534D3A2647087F00A93A49 /* StringFactory.swift in Sources */,
				ED26A78F2636DFB600DBA729 /* party_appApp.swift in Sources */,
				A7534D3C2647087F00A93A49 /* TicketFactory.swift in Sources */,
				A75485C92642D30700925319 /* SearchView.swift in Sources */,
				A7534D3D2647087F00A93A49 /* EventFactory.swift in Sources */,
				A7534D462647095200A93A49 /* ProfileView.swift in Sources */,
				A7534D422647087F00A93A49 /* EventsRepository.swift in Sources */,
				DB7CC84A264744DF00C01EC0 /* EventPreviewWithTicket.swift in Sources */,
				A7E1F3F7264408DB00212F0F /* EventDetailsView.swift in Sources */,
				A70DE9FC2641971E0041EDFA /* MyText.swift in Sources */,
				A7534D402647087F00A93A49 /* Session.swift in Sources */,
				DB7CC8402647298B00C01EC0 /* EventListView.swift in Sources */,
				A7534D482647267400A93A49 /* UsersRepository.swift in Sources */,
				A70DE9FA264191C90041EDFA /* Background.swift in Sources */,
				A75485C62642C63E00925319 /* SearchBar.swift in Sources */,
				A73AFFD42645815700225B24 /* TicketChoiceView.swift in Sources */,
				A7534D412647087F00A93A49 /* EventModel.swift in Sources */,
				A71084FD2642E3430095EDAE /* Card.swift in Sources */,
				A7E841702645630900AAAE58 /* TicketDetailView.swift in Sources */,
				A73AFFD62645820200225B24 /* TicketCard.swift in Sources */,
			);
			runOnlyForDeploymentPostprocessing = 0;
		};
		ED26A7982636DFB800DBA729 /* Sources */ = {
			isa = PBXSourcesBuildPhase;
			buildActionMask = 2147483647;
			files = (
				ED26A7A12636DFB800DBA729 /* party_appTests.swift in Sources */,
			);
			runOnlyForDeploymentPostprocessing = 0;
		};
		ED26A7A32636DFB800DBA729 /* Sources */ = {
			isa = PBXSourcesBuildPhase;
			buildActionMask = 2147483647;
			files = (
				ED26A7AC2636DFB800DBA729 /* party_appUITests.swift in Sources */,
			);
			runOnlyForDeploymentPostprocessing = 0;
		};
/* End PBXSourcesBuildPhase section */

/* Begin PBXTargetDependency section */
		ED26A79E2636DFB800DBA729 /* PBXTargetDependency */ = {
			isa = PBXTargetDependency;
			target = ED26A78A2636DFB600DBA729 /* party_app */;
			targetProxy = ED26A79D2636DFB800DBA729 /* PBXContainerItemProxy */;
		};
		ED26A7A92636DFB800DBA729 /* PBXTargetDependency */ = {
			isa = PBXTargetDependency;
			target = ED26A78A2636DFB600DBA729 /* party_app */;
			targetProxy = ED26A7A82636DFB800DBA729 /* PBXContainerItemProxy */;
		};
/* End PBXTargetDependency section */

/* Begin XCBuildConfiguration section */
		ED26A7AE2636DFB800DBA729 /* Debug */ = {
			isa = XCBuildConfiguration;
			buildSettings = {
				ALWAYS_SEARCH_USER_PATHS = NO;
				CLANG_ANALYZER_NONNULL = YES;
				CLANG_ANALYZER_NUMBER_OBJECT_CONVERSION = YES_AGGRESSIVE;
				CLANG_CXX_LANGUAGE_STANDARD = "gnu++14";
				CLANG_CXX_LIBRARY = "libc++";
				CLANG_ENABLE_MODULES = YES;
				CLANG_ENABLE_OBJC_ARC = YES;
				CLANG_ENABLE_OBJC_WEAK = YES;
				CLANG_WARN_BLOCK_CAPTURE_AUTORELEASING = YES;
				CLANG_WARN_BOOL_CONVERSION = YES;
				CLANG_WARN_COMMA = YES;
				CLANG_WARN_CONSTANT_CONVERSION = YES;
				CLANG_WARN_DEPRECATED_OBJC_IMPLEMENTATIONS = YES;
				CLANG_WARN_DIRECT_OBJC_ISA_USAGE = YES_ERROR;
				CLANG_WARN_DOCUMENTATION_COMMENTS = YES;
				CLANG_WARN_EMPTY_BODY = YES;
				CLANG_WARN_ENUM_CONVERSION = YES;
				CLANG_WARN_INFINITE_RECURSION = YES;
				CLANG_WARN_INT_CONVERSION = YES;
				CLANG_WARN_NON_LITERAL_NULL_CONVERSION = YES;
				CLANG_WARN_OBJC_IMPLICIT_RETAIN_SELF = YES;
				CLANG_WARN_OBJC_LITERAL_CONVERSION = YES;
				CLANG_WARN_OBJC_ROOT_CLASS = YES_ERROR;
				CLANG_WARN_QUOTED_INCLUDE_IN_FRAMEWORK_HEADER = YES;
				CLANG_WARN_RANGE_LOOP_ANALYSIS = YES;
				CLANG_WARN_STRICT_PROTOTYPES = YES;
				CLANG_WARN_SUSPICIOUS_MOVE = YES;
				CLANG_WARN_UNGUARDED_AVAILABILITY = YES_AGGRESSIVE;
				CLANG_WARN_UNREACHABLE_CODE = YES;
				CLANG_WARN__DUPLICATE_METHOD_MATCH = YES;
				COPY_PHASE_STRIP = NO;
				DEBUG_INFORMATION_FORMAT = dwarf;
				ENABLE_STRICT_OBJC_MSGSEND = YES;
				ENABLE_TESTABILITY = YES;
				GCC_C_LANGUAGE_STANDARD = gnu11;
				GCC_DYNAMIC_NO_PIC = NO;
				GCC_NO_COMMON_BLOCKS = YES;
				GCC_OPTIMIZATION_LEVEL = 0;
				GCC_PREPROCESSOR_DEFINITIONS = (
					"DEBUG=1",
					"$(inherited)",
				);
				GCC_WARN_64_TO_32_BIT_CONVERSION = YES;
				GCC_WARN_ABOUT_RETURN_TYPE = YES_ERROR;
				GCC_WARN_UNDECLARED_SELECTOR = YES;
				GCC_WARN_UNINITIALIZED_AUTOS = YES_AGGRESSIVE;
				GCC_WARN_UNUSED_FUNCTION = YES;
				GCC_WARN_UNUSED_VARIABLE = YES;
				IPHONEOS_DEPLOYMENT_TARGET = 14.4;
				MTL_ENABLE_DEBUG_INFO = INCLUDE_SOURCE;
				MTL_FAST_MATH = YES;
				ONLY_ACTIVE_ARCH = YES;
				SDKROOT = iphoneos;
				SWIFT_ACTIVE_COMPILATION_CONDITIONS = DEBUG;
				SWIFT_OPTIMIZATION_LEVEL = "-Onone";
			};
			name = Debug;
		};
		ED26A7AF2636DFB800DBA729 /* Release */ = {
			isa = XCBuildConfiguration;
			buildSettings = {
				ALWAYS_SEARCH_USER_PATHS = NO;
				CLANG_ANALYZER_NONNULL = YES;
				CLANG_ANALYZER_NUMBER_OBJECT_CONVERSION = YES_AGGRESSIVE;
				CLANG_CXX_LANGUAGE_STANDARD = "gnu++14";
				CLANG_CXX_LIBRARY = "libc++";
				CLANG_ENABLE_MODULES = YES;
				CLANG_ENABLE_OBJC_ARC = YES;
				CLANG_ENABLE_OBJC_WEAK = YES;
				CLANG_WARN_BLOCK_CAPTURE_AUTORELEASING = YES;
				CLANG_WARN_BOOL_CONVERSION = YES;
				CLANG_WARN_COMMA = YES;
				CLANG_WARN_CONSTANT_CONVERSION = YES;
				CLANG_WARN_DEPRECATED_OBJC_IMPLEMENTATIONS = YES;
				CLANG_WARN_DIRECT_OBJC_ISA_USAGE = YES_ERROR;
				CLANG_WARN_DOCUMENTATION_COMMENTS = YES;
				CLANG_WARN_EMPTY_BODY = YES;
				CLANG_WARN_ENUM_CONVERSION = YES;
				CLANG_WARN_INFINITE_RECURSION = YES;
				CLANG_WARN_INT_CONVERSION = YES;
				CLANG_WARN_NON_LITERAL_NULL_CONVERSION = YES;
				CLANG_WARN_OBJC_IMPLICIT_RETAIN_SELF = YES;
				CLANG_WARN_OBJC_LITERAL_CONVERSION = YES;
				CLANG_WARN_OBJC_ROOT_CLASS = YES_ERROR;
				CLANG_WARN_QUOTED_INCLUDE_IN_FRAMEWORK_HEADER = YES;
				CLANG_WARN_RANGE_LOOP_ANALYSIS = YES;
				CLANG_WARN_STRICT_PROTOTYPES = YES;
				CLANG_WARN_SUSPICIOUS_MOVE = YES;
				CLANG_WARN_UNGUARDED_AVAILABILITY = YES_AGGRESSIVE;
				CLANG_WARN_UNREACHABLE_CODE = YES;
				CLANG_WARN__DUPLICATE_METHOD_MATCH = YES;
				COPY_PHASE_STRIP = NO;
				DEBUG_INFORMATION_FORMAT = "dwarf-with-dsym";
				ENABLE_NS_ASSERTIONS = NO;
				ENABLE_STRICT_OBJC_MSGSEND = YES;
				GCC_C_LANGUAGE_STANDARD = gnu11;
				GCC_NO_COMMON_BLOCKS = YES;
				GCC_WARN_64_TO_32_BIT_CONVERSION = YES;
				GCC_WARN_ABOUT_RETURN_TYPE = YES_ERROR;
				GCC_WARN_UNDECLARED_SELECTOR = YES;
				GCC_WARN_UNINITIALIZED_AUTOS = YES_AGGRESSIVE;
				GCC_WARN_UNUSED_FUNCTION = YES;
				GCC_WARN_UNUSED_VARIABLE = YES;
				IPHONEOS_DEPLOYMENT_TARGET = 14.4;
				MTL_ENABLE_DEBUG_INFO = NO;
				MTL_FAST_MATH = YES;
				SDKROOT = iphoneos;
				SWIFT_COMPILATION_MODE = wholemodule;
				SWIFT_OPTIMIZATION_LEVEL = "-O";
				VALIDATE_PRODUCT = YES;
			};
			name = Release;
		};
		ED26A7B12636DFB800DBA729 /* Debug */ = {
			isa = XCBuildConfiguration;
			buildSettings = {
				ASSETCATALOG_COMPILER_APPICON_NAME = AppIcon;
				ASSETCATALOG_COMPILER_GLOBAL_ACCENT_COLOR_NAME = AccentColor;
				CODE_SIGN_STYLE = Automatic;
				DEVELOPMENT_ASSET_PATHS = "\"party_app/Preview Content\"";
				DEVELOPMENT_TEAM = 3W2GZBLUSM;
				ENABLE_PREVIEWS = YES;
				INFOPLIST_FILE = party_app/Info.plist;
				IPHONEOS_DEPLOYMENT_TARGET = 14.0;
				LD_RUNPATH_SEARCH_PATHS = (
					"$(inherited)",
					"@executable_path/Frameworks",
				);
				PRODUCT_BUNDLE_IDENTIFIER = "fernandobelotto.party-app22";
				PRODUCT_NAME = "$(TARGET_NAME)";
				SWIFT_VERSION = 5.0;
				TARGETED_DEVICE_FAMILY = "1,2";
			};
			name = Debug;
		};
		ED26A7B22636DFB800DBA729 /* Release */ = {
			isa = XCBuildConfiguration;
			buildSettings = {
				ASSETCATALOG_COMPILER_APPICON_NAME = AppIcon;
				ASSETCATALOG_COMPILER_GLOBAL_ACCENT_COLOR_NAME = AccentColor;
				CODE_SIGN_STYLE = Automatic;
				DEVELOPMENT_ASSET_PATHS = "\"party_app/Preview Content\"";
				DEVELOPMENT_TEAM = 3W2GZBLUSM;
				ENABLE_PREVIEWS = YES;
				INFOPLIST_FILE = party_app/Info.plist;
				IPHONEOS_DEPLOYMENT_TARGET = 14.0;
				LD_RUNPATH_SEARCH_PATHS = (
					"$(inherited)",
					"@executable_path/Frameworks",
				);
				PRODUCT_BUNDLE_IDENTIFIER = "fernandobelotto.party-app22";
				PRODUCT_NAME = "$(TARGET_NAME)";
				SWIFT_VERSION = 5.0;
				TARGETED_DEVICE_FAMILY = "1,2";
			};
			name = Release;
		};
		ED26A7B42636DFB800DBA729 /* Debug */ = {
			isa = XCBuildConfiguration;
			buildSettings = {
				ALWAYS_EMBED_SWIFT_STANDARD_LIBRARIES = YES;
				BUNDLE_LOADER = "$(TEST_HOST)";
				CODE_SIGN_STYLE = Automatic;
				DEVELOPMENT_TEAM = 3W2GZBLUSM;
				INFOPLIST_FILE = party_appTests/Info.plist;
				IPHONEOS_DEPLOYMENT_TARGET = 14.0;
				LD_RUNPATH_SEARCH_PATHS = (
					"$(inherited)",
					"@executable_path/Frameworks",
					"@loader_path/Frameworks",
				);
				PRODUCT_BUNDLE_IDENTIFIER = "fernandobelotto.party-appTests";
				PRODUCT_NAME = "$(TARGET_NAME)";
				SWIFT_VERSION = 5.0;
				TARGETED_DEVICE_FAMILY = "1,2";
				TEST_HOST = "$(BUILT_PRODUCTS_DIR)/party_app.app/party_app";
			};
			name = Debug;
		};
		ED26A7B52636DFB800DBA729 /* Release */ = {
			isa = XCBuildConfiguration;
			buildSettings = {
				ALWAYS_EMBED_SWIFT_STANDARD_LIBRARIES = YES;
				BUNDLE_LOADER = "$(TEST_HOST)";
				CODE_SIGN_STYLE = Automatic;
				DEVELOPMENT_TEAM = 3W2GZBLUSM;
				INFOPLIST_FILE = party_appTests/Info.plist;
				IPHONEOS_DEPLOYMENT_TARGET = 14.0;
				LD_RUNPATH_SEARCH_PATHS = (
					"$(inherited)",
					"@executable_path/Frameworks",
					"@loader_path/Frameworks",
				);
				PRODUCT_BUNDLE_IDENTIFIER = "fernandobelotto.party-appTests";
				PRODUCT_NAME = "$(TARGET_NAME)";
				SWIFT_VERSION = 5.0;
				TARGETED_DEVICE_FAMILY = "1,2";
				TEST_HOST = "$(BUILT_PRODUCTS_DIR)/party_app.app/party_app";
			};
			name = Release;
		};
		ED26A7B72636DFB800DBA729 /* Debug */ = {
			isa = XCBuildConfiguration;
			buildSettings = {
				ALWAYS_EMBED_SWIFT_STANDARD_LIBRARIES = YES;
				CODE_SIGN_STYLE = Automatic;
				DEVELOPMENT_TEAM = 3W2GZBLUSM;
				INFOPLIST_FILE = party_appUITests/Info.plist;
				LD_RUNPATH_SEARCH_PATHS = (
					"$(inherited)",
					"@executable_path/Frameworks",
					"@loader_path/Frameworks",
				);
				PRODUCT_BUNDLE_IDENTIFIER = "fernandobelotto.party-appUITests";
				PRODUCT_NAME = "$(TARGET_NAME)";
				SWIFT_VERSION = 5.0;
				TARGETED_DEVICE_FAMILY = "1,2";
				TEST_TARGET_NAME = party_app;
			};
			name = Debug;
		};
		ED26A7B82636DFB800DBA729 /* Release */ = {
			isa = XCBuildConfiguration;
			buildSettings = {
				ALWAYS_EMBED_SWIFT_STANDARD_LIBRARIES = YES;
				CODE_SIGN_STYLE = Automatic;
				DEVELOPMENT_TEAM = 3W2GZBLUSM;
				INFOPLIST_FILE = party_appUITests/Info.plist;
				LD_RUNPATH_SEARCH_PATHS = (
					"$(inherited)",
					"@executable_path/Frameworks",
					"@loader_path/Frameworks",
				);
				PRODUCT_BUNDLE_IDENTIFIER = "fernandobelotto.party-appUITests";
				PRODUCT_NAME = "$(TARGET_NAME)";
				SWIFT_VERSION = 5.0;
				TARGETED_DEVICE_FAMILY = "1,2";
				TEST_TARGET_NAME = party_app;
			};
			name = Release;
		};
/* End XCBuildConfiguration section */

/* Begin XCConfigurationList section */
		ED26A7862636DFB600DBA729 /* Build configuration list for PBXProject "party_app" */ = {
			isa = XCConfigurationList;
			buildConfigurations = (
				ED26A7AE2636DFB800DBA729 /* Debug */,
				ED26A7AF2636DFB800DBA729 /* Release */,
			);
			defaultConfigurationIsVisible = 0;
			defaultConfigurationName = Release;
		};
		ED26A7B02636DFB800DBA729 /* Build configuration list for PBXNativeTarget "party_app" */ = {
			isa = XCConfigurationList;
			buildConfigurations = (
				ED26A7B12636DFB800DBA729 /* Debug */,
				ED26A7B22636DFB800DBA729 /* Release */,
			);
			defaultConfigurationIsVisible = 0;
			defaultConfigurationName = Release;
		};
		ED26A7B32636DFB800DBA729 /* Build configuration list for PBXNativeTarget "party_appTests" */ = {
			isa = XCConfigurationList;
			buildConfigurations = (
				ED26A7B42636DFB800DBA729 /* Debug */,
				ED26A7B52636DFB800DBA729 /* Release */,
			);
			defaultConfigurationIsVisible = 0;
			defaultConfigurationName = Release;
		};
		ED26A7B62636DFB800DBA729 /* Build configuration list for PBXNativeTarget "party_appUITests" */ = {
			isa = XCConfigurationList;
			buildConfigurations = (
				ED26A7B72636DFB800DBA729 /* Debug */,
				ED26A7B82636DFB800DBA729 /* Release */,
			);
			defaultConfigurationIsVisible = 0;
			defaultConfigurationName = Release;
		};
/* End XCConfigurationList section */
	};
	rootObject = ED26A7832636DFB600DBA729 /* Project object */;
}
